// !$*UTF8*$!
{
	archiveVersion = 1;
	classes = {
	};
	objectVersion = 77;
	objects = {

/* Begin PBXBuildFile section */
		AD0000000000000000000004 /* GoogleMobileAds in Frameworks */ = {isa = PBXBuildFile; productRef = AD0000000000000000000006 /* GoogleMobileAds */; };
		PH0000000000000000000004 /* PostHog in Frameworks */ = {isa = PBXBuildFile; productRef = PH0000000000000000000006 /* PostHog */; };
		SE0000000000000000000004 /* Sentry in Frameworks */ = {isa = PBXBuildFile; productRef = SE0000000000000000000006 /* Sentry */; };
		A2C3D4E5F6A7B8C9D0E1F2A3 /* EconByteUITests.swift in Sources */ = {isa = PBXBuildFile; fileRef = C4D5E6F7A8B9C0D1E2F3A4B5 /* EconByteUITests.swift */; };
		A2C3D4E5F6A7B8C9D0E1F2B4 /* GrowthFlowTests.swift in Sources */ = {isa = PBXBuildFile; fileRef = C4D5E6F7A8B9C0D1E2F3A4C6 /* GrowthFlowTests.swift */; };
		A2C3D4E5F6A7B8C9D0E1F2C5 /* AccessibilityTests.swift in Sources */ = {isa = PBXBuildFile; fileRef = C4D5E6F7A8B9C0D1E2F3A4D7 /* AccessibilityTests.swift */; };
		A2C3D4E5F6A7B8C9D0E1F2D6 /* ScreenshotTests.swift in Sources */ = {isa = PBXBuildFile; fileRef = C4D5E6F7A8B9C0D1E2F3A4E8 /* ScreenshotTests.swift */; };
		1A0000000000000000000004 /* CurriculumCatalogTests.swift in Sources */ = {isa = PBXBuildFile; fileRef = 1A0000000000000000000002 /* CurriculumCatalogTests.swift */; };
		1A0000000000000000000014 /* GrowthSystemsTests.swift in Sources */ = {isa = PBXBuildFile; fileRef = 1A0000000000000000000012 /* GrowthSystemsTests.swift */; };
		UT0000000000000000000011 /* InstrumentationPrivacyTests.swift in Sources */ = {isa = PBXBuildFile; fileRef = UT0000000000000000000010 /* InstrumentationPrivacyTests.swift */; };
		UT00000000000000000000A1 /* TrackingAuthorizationTests.swift in Sources */ = {isa = PBXBuildFile; fileRef = UT00000000000000000000A0 /* TrackingAuthorizationTests.swift */; };
		UT0000000000000000000021 /* EconTelemetryTests.swift in Sources */ = {isa = PBXBuildFile; fileRef = UT0000000000000000000020 /* EconTelemetryTests.swift */; };
/* End PBXBuildFile section */

/* Begin PBXFileReference section */
		000000000000000000000005 /* EconByte.app */ = {isa = PBXFileReference; explicitFileType = wrapper.application; includeInIndex = 0; path = EconByte.app; sourceTree = BUILT_PRODUCTS_DIR; };
		B3C4D5E6F7A8B9C0D1E2F3A4 /* EconByteUITests.xctest */ = {isa = PBXFileReference; includeInIndex = 0; lastKnownFileType = wrapper.cfbundle; path = EconByteUITests.xctest; sourceTree = BUILT_PRODUCTS_DIR; };
		C4D5E6F7A8B9C0D1E2F3A4B5 /* EconByteUITests.swift */ = {isa = PBXFileReference; lastKnownFileType = sourcecode.swift; path = EconByteUITests.swift; sourceTree = "<group>"; };
		5704EC0N0BYTE00STOREKIT1 /* EconByte.storekit */ = {isa = PBXFileReference; lastKnownFileType = text; path = EconByte.storekit; sourceTree = "<group>"; };
		CF0000000000000000000001 /* Instrumentation.xcconfig */ = {isa = PBXFileReference; lastKnownFileType = text.xcconfig; name = Instrumentation.xcconfig; path = Config/Instrumentation.xcconfig; sourceTree = "<group>"; };
		UT0000000000000000000002 /* EconByteTests.xctest */ = {isa = PBXFileReference; includeInIndex = 0; lastKnownFileType = wrapper.cfbundle; path = EconByteTests.xctest; sourceTree = BUILT_PRODUCTS_DIR; };
		UT0000000000000000000010 /* InstrumentationPrivacyTests.swift */ = {isa = PBXFileReference; lastKnownFileType = sourcecode.swift; path = InstrumentationPrivacyTests.swift; sourceTree = "<group>"; };
		UT00000000000000000000A0 /* TrackingAuthorizationTests.swift */ = {isa = PBXFileReference; lastKnownFileType = sourcecode.swift; path = TrackingAuthorizationTests.swift; sourceTree = "<group>"; };
		UT0000000000000000000020 /* EconTelemetryTests.swift */ = {isa = PBXFileReference; lastKnownFileType = sourcecode.swift; path = EconTelemetryTests.swift; sourceTree = "<group>"; };
		C4D5E6F7A8B9C0D1E2F3A4C6 /* GrowthFlowTests.swift */ = {isa = PBXFileReference; lastKnownFileType = sourcecode.swift; path = GrowthFlowTests.swift; sourceTree = "<group>"; };
		C4D5E6F7A8B9C0D1E2F3A4D7 /* AccessibilityTests.swift */ = {isa = PBXFileReference; lastKnownFileType = sourcecode.swift; path = AccessibilityTests.swift; sourceTree = "<group>"; };
		C4D5E6F7A8B9C0D1E2F3A4E8 /* ScreenshotTests.swift */ = {isa = PBXFileReference; lastKnownFileType = sourcecode.swift; path = ScreenshotTests.swift; sourceTree = "<group>"; };
		1A0000000000000000000002 /* CurriculumCatalogTests.swift */ = {isa = PBXFileReference; lastKnownFileType = sourcecode.swift; path = CurriculumCatalogTests.swift; sourceTree = "<group>"; };
		1A0000000000000000000012 /* GrowthSystemsTests.swift */ = {isa = PBXFileReference; lastKnownFileType = sourcecode.swift; path = GrowthSystemsTests.swift; sourceTree = "<group>"; };
/* End PBXFileReference section */

/* Begin PBXContainerItemProxy section */
		D5E6F7A8B9C0D1E2F3A4B5C6 /* PBXContainerItemProxy */ = {
			isa = PBXContainerItemProxy;
			containerPortal = 000000000000000000000001 /* Project object */;
			proxyType = 1;
			remoteGlobalIDString = 000000000000000000000006;
			remoteInfo = EconByte;
		};
		UT0000000000000000000008 /* PBXContainerItemProxy */ = {
			isa = PBXContainerItemProxy;
			containerPortal = 000000000000000000000001 /* Project object */;
			proxyType = 1;
			remoteGlobalIDString = 000000000000000000000006;
			remoteInfo = EconByte;
		};
/* End PBXContainerItemProxy section */

/* Begin PBXFileSystemSynchronizedBuildFileExceptionSet section */
		000000000000000000000010 /* Exceptions for "EconByte" folder in "EconByte" target */ = {
			isa = PBXFileSystemSynchronizedBuildFileExceptionSet;
			membershipExceptions = (
				Info.plist,
			);
			target = 000000000000000000000006 /* EconByte */;
		};
/* End PBXFileSystemSynchronizedBuildFileExceptionSet section */

/* Begin PBXFileSystemSynchronizedRootGroup section */
		000000000000000000000003 /* EconByte */ = {
			isa = PBXFileSystemSynchronizedRootGroup;
			exceptions = (
				000000000000000000000010 /* Exceptions for "EconByte" folder in "EconByte" target */,
			);
			path = EconByte;
			sourceTree = "<group>";
		};
/* End PBXFileSystemSynchronizedRootGroup section */

/* Begin PBXFrameworksBuildPhase section */
		AD0000000000000000000007 /* Frameworks */ = {
			isa = PBXFrameworksBuildPhase;
			buildActionMask = 2147483647;
			files = (
				AD0000000000000000000004 /* GoogleMobileAds in Frameworks */,
				PH0000000000000000000004 /* PostHog in Frameworks */,
				SE0000000000000000000004 /* Sentry in Frameworks */,
			);
			runOnlyForDeploymentPostprocessing = 0;
		};
/* End PBXFrameworksBuildPhase section */

/* Begin PBXGroup section */
		000000000000000000000002 = {
			isa = PBXGroup;
			children = (
				000000000000000000000003 /* EconByte */,
				UT0000000000000000000004 /* EconByteTests */,
				E6F7A8B9C0D1E2F3A4B5C6D7 /* EconByteUITests */,
				5704EC0N0BYTE00STOREKIT1 /* EconByte.storekit */,
				CF0000000000000000000001 /* Instrumentation.xcconfig */,
				000000000000000000000004 /* Products */,
			);
			sourceTree = "<group>";
		};
		000000000000000000000004 /* Products */ = {
			isa = PBXGroup;
			children = (
				000000000000000000000005 /* EconByte.app */,
				B3C4D5E6F7A8B9C0D1E2F3A4 /* EconByteUITests.xctest */,
				UT0000000000000000000002 /* EconByteTests.xctest */,
			);
			name = Products;
			sourceTree = "<group>";
		};
		E6F7A8B9C0D1E2F3A4B5C6D7 /* EconByteUITests */ = {
			isa = PBXGroup;
			children = (
				C4D5E6F7A8B9C0D1E2F3A4B5 /* EconByteUITests.swift */,
				C4D5E6F7A8B9C0D1E2F3A4C6 /* GrowthFlowTests.swift */,
				C4D5E6F7A8B9C0D1E2F3A4D7 /* AccessibilityTests.swift */,
				C4D5E6F7A8B9C0D1E2F3A4E8 /* ScreenshotTests.swift */,
			);
			path = EconByteUITests;
			sourceTree = "<group>";
		};
		UT0000000000000000000004 /* EconByteTests */ = {
			isa = PBXGroup;
			children = (
				UT0000000000000000000020 /* EconTelemetryTests.swift */,
				UT0000000000000000000010 /* InstrumentationPrivacyTests.swift */,
				UT00000000000000000000A0 /* TrackingAuthorizationTests.swift */,
				1A0000000000000000000002 /* CurriculumCatalogTests.swift */,
				1A0000000000000000000012 /* GrowthSystemsTests.swift */,
			);
			path = EconByteTests;
			sourceTree = "<group>";
		};
/* End PBXGroup section */

/* Begin PBXNativeTarget section */
		000000000000000000000006 /* EconByte */ = {
			isa = PBXNativeTarget;
			buildConfigurationList = 000000000000000000000007 /* Build configuration list for PBXNativeTarget "EconByte" */;
			buildPhases = (
				00000000000000000000000D /* Sources */,
				00000000000000000000000E /* Resources */,
				AD0000000000000000000007 /* Frameworks */,
			);
			buildRules = (
			);
			dependencies = (
			);
			fileSystemSynchronizedGroups = (
				000000000000000000000003 /* EconByte */,
			);
			name = EconByte;
			packageProductDependencies = (
				AD0000000000000000000006 /* GoogleMobileAds */,
				PH0000000000000000000006 /* PostHog */,
				SE0000000000000000000006 /* Sentry */,
			);
			productName = EconByte;
			productReference = 000000000000000000000005 /* EconByte.app */;
			productType = "com.apple.product-type.application";
		};
		F7A8B9C0D1E2F3A4B5C6D7E8 /* EconByteUITests */ = {
			isa = PBXNativeTarget;
			buildConfigurationList = E2F3A4B5C6D7E8F9A0B1C2D3 /* Build configuration list for PBXNativeTarget "EconByteUITests" */;
			buildPhases = (
				A8B9C0D1E2F3A4B5C6D7E8F9 /* Sources */,
			);
			buildRules = (
			);
			dependencies = (
				B9C0D1E2F3A4B5C6D7E8F9A0 /* PBXTargetDependency */,
			);
			name = EconByteUITests;
			packageProductDependencies = (
			);
			productName = EconByteUITests;
			productReference = B3C4D5E6F7A8B9C0D1E2F3A4 /* EconByteUITests.xctest */;
			productType = "com.apple.product-type.bundle.ui-testing";
		};
		UT0000000000000000000006 /* EconByteTests */ = {
			isa = PBXNativeTarget;
			buildConfigurationList = UT000000000000000000000B /* Build configuration list for PBXNativeTarget "EconByteTests" */;
			buildPhases = (
				UT0000000000000000000005 /* Sources */,
			);
			buildRules = (
			);
			dependencies = (
				UT0000000000000000000007 /* PBXTargetDependency */,
			);
			name = EconByteTests;
			packageProductDependencies = (
			);
			productName = EconByteTests;
			productReference = UT0000000000000000000002 /* EconByteTests.xctest */;
			productType = "com.apple.product-type.bundle.unit-test";
		};
/* End PBXNativeTarget section */

/* Begin PBXProject section */
		000000000000000000000001 /* Project object */ = {
			isa = PBXProject;
			attributes = {
				BuildIndependentTargetsInParallel = YES;
				LastUpgradeCheck = 1600;
				TargetAttributes = {
					000000000000000000000006 = {
						DevelopmentTeam = "";
					};
					F7A8B9C0D1E2F3A4B5C6D7E8 = {
						DevelopmentTeam = "";
						TestTargetID = 000000000000000000000006;
					};
					UT0000000000000000000006 = {
						DevelopmentTeam = "";
						TestTargetID = 000000000000000000000006;
					};
				};
			};
			buildConfigurationList = 000000000000000000000008 /* Build configuration list for PBXProject "EconByte" */;
			developmentRegion = en;
			hasScannedForEncodings = 0;
			knownRegions = (
				Base,
				en,
			);
			mainGroup = 000000000000000000000002;
			minimizedProjectReferenceProxies = 1;
			packageReferences = (
				AD0000000000000000000005 /* XCRemoteSwiftPackageReference "swift-package-manager-google-mobile-ads" */,
				PH0000000000000000000005 /* XCRemoteSwiftPackageReference "posthog-ios" */,
				SE0000000000000000000005 /* XCRemoteSwiftPackageReference "sentry-cocoa" */,
			);
			preferredProjectObjectVersion = 77;
			productRefGroup = 000000000000000000000004 /* Products */;
			projectDirPath = "";
			projectRoot = "";
			targets = (
				000000000000000000000006 /* EconByte */,
				F7A8B9C0D1E2F3A4B5C6D7E8 /* EconByteUITests */,
				UT0000000000000000000006 /* EconByteTests */,
			);
		};
/* End PBXProject section */

/* Begin PBXResourcesBuildPhase section */
		00000000000000000000000E /* Resources */ = {
			isa = PBXResourcesBuildPhase;
			buildActionMask = 2147483647;
			files = (
			);
			runOnlyForDeploymentPostprocessing = 0;
		};
/* End PBXResourcesBuildPhase section */

/* Begin PBXSourcesBuildPhase section */
		00000000000000000000000D /* Sources */ = {
			isa = PBXSourcesBuildPhase;
			buildActionMask = 2147483647;
			files = (
			);
			runOnlyForDeploymentPostprocessing = 0;
		};
		A8B9C0D1E2F3A4B5C6D7E8F9 /* Sources */ = {
			isa = PBXSourcesBuildPhase;
			buildActionMask = 2147483647;
			files = (
				A2C3D4E5F6A7B8C9D0E1F2A3 /* EconByteUITests.swift in Sources */,
				A2C3D4E5F6A7B8C9D0E1F2B4 /* GrowthFlowTests.swift in Sources */,
				A2C3D4E5F6A7B8C9D0E1F2C5 /* AccessibilityTests.swift in Sources */,
				A2C3D4E5F6A7B8C9D0E1F2D6 /* ScreenshotTests.swift in Sources */,
			);
			runOnlyForDeploymentPostprocessing = 0;
		};
		UT0000000000000000000005 /* Sources */ = {
			isa = PBXSourcesBuildPhase;
			buildActionMask = 2147483647;
			files = (
				UT0000000000000000000021 /* EconTelemetryTests.swift in Sources */,
				UT0000000000000000000011 /* InstrumentationPrivacyTests.swift in Sources */,
				UT00000000000000000000A1 /* TrackingAuthorizationTests.swift in Sources */,
				1A0000000000000000000004 /* CurriculumCatalogTests.swift in Sources */,
				1A0000000000000000000014 /* GrowthSystemsTests.swift in Sources */,
			);
			runOnlyForDeploymentPostprocessing = 0;
		};
/* End PBXSourcesBuildPhase section */

/* Begin PBXTargetDependency section */
		B9C0D1E2F3A4B5C6D7E8F9A0 /* PBXTargetDependency */ = {
			isa = PBXTargetDependency;
			target = 000000000000000000000006 /* EconByte */;
			targetProxy = D5E6F7A8B9C0D1E2F3A4B5C6 /* PBXContainerItemProxy */;
		};
		UT0000000000000000000007 /* PBXTargetDependency */ = {
			isa = PBXTargetDependency;
			target = 000000000000000000000006 /* EconByte */;
			targetProxy = UT0000000000000000000008 /* PBXContainerItemProxy */;
		};
/* End PBXTargetDependency section */

/* Begin XCBuildConfiguration section */
		000000000000000000000009 /* Debug */ = {
			isa = XCBuildConfiguration;
			baseConfigurationReference = CF0000000000000000000001 /* Instrumentation.xcconfig */;
			buildSettings = {
				ASSETCATALOG_COMPILER_APPICON_NAME = AppIcon;
				ASSETCATALOG_COMPILER_GLOBAL_ACCENT_COLOR_NAME = AccentColor;
				CODE_SIGN_IDENTITY = "iPhone Developer";
				ENABLE_USER_SCRIPT_SANDBOXING = YES;
				INFOPLIST_FILE = EconByte/Info.plist;
				LD_RUNPATH_SEARCH_PATHS = (
					"$(inherited)",
					"@executable_path/Frameworks",
				);
				PRODUCT_BUNDLE_IDENTIFIER = com.nsantulli.econbyte;
				SDKROOT = iphoneos;
				SUPPORTED_PLATFORMS = "iphoneos iphonesimulator";
				TARGETED_DEVICE_FAMILY = 1;
			};
			name = Debug;
		};
		00000000000000000000000A /* Release */ = {
			isa = XCBuildConfiguration;
			baseConfigurationReference = CF0000000000000000000001 /* Instrumentation.xcconfig */;
			buildSettings = {
				ASSETCATALOG_COMPILER_APPICON_NAME = AppIcon;
				ASSETCATALOG_COMPILER_GLOBAL_ACCENT_COLOR_NAME = AccentColor;
				CODE_SIGN_IDENTITY = "iPhone Developer";
				ENABLE_USER_SCRIPT_SANDBOXING = YES;
				INFOPLIST_FILE = EconByte/Info.plist;
				LD_RUNPATH_SEARCH_PATHS = (
					"$(inherited)",
					"@executable_path/Frameworks",
				);
				PRODUCT_BUNDLE_IDENTIFIER = com.nsantulli.econbyte;
				SDKROOT = iphoneos;
				SUPPORTED_PLATFORMS = "iphoneos iphonesimulator";
				TARGETED_DEVICE_FAMILY = 1;
			};
			name = Release;
		};
		00000000000000000000000B /* Debug */ = {
			isa = XCBuildConfiguration;
			buildSettings = {
				ALWAYS_SEARCH_USER_PATHS = NO;
				CLANG_ANALYZER_NONNULL = YES;
				CLANG_ANALYZER_NUMBER_OBJECT_CONVERSION = YES_AGGRESSIVE;
				CLANG_ENABLE_MODULES = YES;
				CLANG_ENABLE_OBJC_ARC = YES;
				CLANG_ENABLE_OBJC_WEAK = YES;
				COPY_PHASE_STRIP = NO;
				CURRENT_PROJECT_VERSION = 13;
				DEBUG_INFORMATION_FORMAT = dwarf;
				DEVELOPMENT_TEAM = "";
				ENABLE_STRICT_OBJC_MSGSEND = YES;
				ENABLE_TESTABILITY = YES;
				GCC_C_LANGUAGE_STANDARD = gnu11;
				GCC_DYNAMIC_NO_PIC = NO;
				GCC_NO_COMMON_BLOCKS = YES;
				GCC_OPTIMIZATION_LEVEL = 0;
				GCC_PREPROCESSOR_DEFINITIONS = (
					"$(inherited)",
					"DEBUG=1",
				);
				GENERATE_INFOPLIST_FILE = NO;
				IPHONEOS_DEPLOYMENT_TARGET = 16.6;
				MARKETING_VERSION = 1.1.2;
				MTL_ENABLE_DEBUG_INFO = INCLUDE_SOURCE;
				MTL_FAST_MATH = YES;
				ONLY_ACTIVE_ARCH = YES;
				PRODUCT_NAME = "$(TARGET_NAME)";
				SDKROOT = iphoneos;
				SWIFT_ACTIVE_COMPILATION_CONDITIONS = DEBUG;
				SWIFT_OPTIMIZATION_LEVEL = "-Onone";
				SWIFT_VERSION = 5.0;
			};
			name = Debug;
		};
		00000000000000000000000C /* Release */ = {
			isa = XCBuildConfiguration;
			buildSettings = {
				ALWAYS_SEARCH_USER_PATHS = NO;
				CLANG_ANALYZER_NONNULL = YES;
				CLANG_ANALYZER_NUMBER_OBJECT_CONVERSION = YES_AGGRESSIVE;
				CLANG_ENABLE_MODULES = YES;
				CLANG_ENABLE_OBJC_ARC = YES;
				CLANG_ENABLE_OBJC_WEAK = YES;
				COPY_PHASE_STRIP = NO;
				CURRENT_PROJECT_VERSION = 13;
				DEBUG_INFORMATION_FORMAT = "dwarf-with-dsym";
				DEVELOPMENT_TEAM = "";
				ENABLE_NS_ASSERTIONS = NO;
				ENABLE_STRICT_OBJC_MSGSEND = YES;
				GCC_C_LANGUAGE_STANDARD = gnu11;
				GCC_NO_COMMON_BLOCKS = YES;
				GENERATE_INFOPLIST_FILE = NO;
				IPHONEOS_DEPLOYMENT_TARGET = 16.6;
				MARKETING_VERSION = 1.1.2;
				MTL_ENABLE_DEBUG_INFO = NO;
				MTL_FAST_MATH = YES;
				PRODUCT_NAME = "$(TARGET_NAME)";
				SDKROOT = iphoneos;
				SWIFT_COMPILATION_MODE = wholemodule;
				SWIFT_OPTIMIZATION_LEVEL = "-O";
				SWIFT_VERSION = 5.0;
			};
			name = Release;
		};
		C0D1E2F3A4B5C6D7E8F9A0B1 /* Debug */ = {
			isa = XCBuildConfiguration;
			buildSettings = {
				BUNDLE_LOADER = "$(TEST_HOST)";
				GENERATE_INFOPLIST_FILE = YES;
				LD_RUNPATH_SEARCH_PATHS = (
					"$(inherited)",
					"@executable_path/Frameworks",
					"@loader_path/Frameworks",
				);
				PRODUCT_BUNDLE_IDENTIFIER = com.nsantulli.econbyte.uitests;
				SDKROOT = iphoneos;
				TARGETED_DEVICE_FAMILY = 1;
				TEST_TARGET_NAME = EconByte;
			};
			name = Debug;
		};
		D1E2F3A4B5C6D7E8F9A0B1C2 /* Release */ = {
			isa = XCBuildConfiguration;
			buildSettings = {
				BUNDLE_LOADER = "$(TEST_HOST)";
				GENERATE_INFOPLIST_FILE = YES;
				LD_RUNPATH_SEARCH_PATHS = (
					"$(inherited)",
					"@executable_path/Frameworks",
					"@loader_path/Frameworks",
				);
				PRODUCT_BUNDLE_IDENTIFIER = com.nsantulli.econbyte.uitests;
				SDKROOT = iphoneos;
				TARGETED_DEVICE_FAMILY = 1;
				TEST_TARGET_NAME = EconByte;
			};
			name = Release;
		};
		UT0000000000000000000009 /* Debug */ = {
			isa = XCBuildConfiguration;
			buildSettings = {
				BUNDLE_LOADER = "$(TEST_HOST)";
				GENERATE_INFOPLIST_FILE = YES;
				LD_RUNPATH_SEARCH_PATHS = (
					"$(inherited)",
					"@executable_path/Frameworks",
					"@loader_path/Frameworks",
				);
				PRODUCT_BUNDLE_IDENTIFIER = com.nsantulli.econbyte.tests;
				SDKROOT = iphoneos;
				SUPPORTED_PLATFORMS = "iphoneos iphonesimulator";
				TARGETED_DEVICE_FAMILY = 1;
				TEST_HOST = "$(BUILT_PRODUCTS_DIR)/EconByte.app/$(BUNDLE_EXECUTABLE_FOLDER_PATH)/EconByte";
			};
			name = Debug;
		};
		UT000000000000000000000A /* Release */ = {
			isa = XCBuildConfiguration;
			buildSettings = {
				BUNDLE_LOADER = "$(TEST_HOST)";
				GENERATE_INFOPLIST_FILE = YES;
				LD_RUNPATH_SEARCH_PATHS = (
					"$(inherited)",
					"@executable_path/Frameworks",
					"@loader_path/Frameworks",
				);
				PRODUCT_BUNDLE_IDENTIFIER = com.nsantulli.econbyte.tests;
				SDKROOT = iphoneos;
				SUPPORTED_PLATFORMS = "iphoneos iphonesimulator";
				TARGETED_DEVICE_FAMILY = 1;
				TEST_HOST = "$(BUILT_PRODUCTS_DIR)/EconByte.app/$(BUNDLE_EXECUTABLE_FOLDER_PATH)/EconByte";
			};
			name = Release;
		};
/* End XCBuildConfiguration section */

/* Begin XCConfigurationList section */
		000000000000000000000007 /* Build configuration list for PBXNativeTarget "EconByte" */ = {
			isa = XCConfigurationList;
			buildConfigurations = (
				000000000000000000000009 /* Debug */,
				00000000000000000000000A /* Release */,
			);
			defaultConfigurationIsVisible = 0;
			defaultConfigurationName = Debug;
		};
		000000000000000000000008 /* Build configuration list for PBXProject "EconByte" */ = {
			isa = XCConfigurationList;
			buildConfigurations = (
				00000000000000000000000B /* Debug */,
				00000000000000000000000C /* Release */,
			);
			defaultConfigurationIsVisible = 0;
			defaultConfigurationName = Debug;
		};
		E2F3A4B5C6D7E8F9A0B1C2D3 /* Build configuration list for PBXNativeTarget "EconByteUITests" */ = {
			isa = XCConfigurationList;
			buildConfigurations = (
				C0D1E2F3A4B5C6D7E8F9A0B1 /* Debug */,
				D1E2F3A4B5C6D7E8F9A0B1C2 /* Release */,
			);
			defaultConfigurationIsVisible = 0;
			defaultConfigurationName = Debug;
		};
		UT000000000000000000000B /* Build configuration list for PBXNativeTarget "EconByteTests" */ = {
			isa = XCConfigurationList;
			buildConfigurations = (
				UT0000000000000000000009 /* Debug */,
				UT000000000000000000000A /* Release */,
			);
			defaultConfigurationIsVisible = 0;
			defaultConfigurationName = Debug;
		};
/* End XCConfigurationList section */

/* Begin XCRemoteSwiftPackageReference section */
		AD0000000000000000000005 /* XCRemoteSwiftPackageReference "swift-package-manager-google-mobile-ads" */ = {
			isa = XCRemoteSwiftPackageReference;
			repositoryURL = "https://github.com/googleads/swift-package-manager-google-mobile-ads";
			requirement = {
				kind = exactVersion;
				version = 12.14.0;
			};
		};
		PH0000000000000000000005 /* XCRemoteSwiftPackageReference "posthog-ios" */ = {
			isa = XCRemoteSwiftPackageReference;
			repositoryURL = "https://github.com/PostHog/posthog-ios";
			requirement = {
				kind = exactVersion;
				version = 3.71.4;
			};
		};
		SE0000000000000000000005 /* XCRemoteSwiftPackageReference "sentry-cocoa" */ = {
			isa = XCRemoteSwiftPackageReference;
			repositoryURL = "https://github.com/getsentry/sentry-cocoa";
			requirement = {
				kind = exactVersion;
				version = 8.58.4;
			};
		};
/* End XCRemoteSwiftPackageReference section */

/* Begin XCSwiftPackageProductDependency section */
		AD0000000000000000000006 /* GoogleMobileAds */ = {
			isa = XCSwiftPackageProductDependency;
			package = AD0000000000000000000005 /* XCRemoteSwiftPackageReference "swift-package-manager-google-mobile-ads" */;
			productName = GoogleMobileAds;
		};
		PH0000000000000000000006 /* PostHog */ = {
			isa = XCSwiftPackageProductDependency;
			package = PH0000000000000000000005 /* XCRemoteSwiftPackageReference "posthog-ios" */;
			productName = PostHog;
		};
		SE0000000000000000000006 /* Sentry */ = {
			isa = XCSwiftPackageProductDependency;
			package = SE0000000000000000000005 /* XCRemoteSwiftPackageReference "sentry-cocoa" */;
			productName = Sentry;
		};
/* End XCSwiftPackageProductDependency section */

	};
	rootObject = 000000000000000000000001 /* Project object */;
}
